
Microsoft Visual Studio Solution File, Format Version 12.00
# Visual Studio Version 17
VisualStudioVersion = 17.3.32825.248
MinimumVisualStudioVersion = 10.0.40219.1
Project("{FAE04EC0-301F-11D3-BF4B-00C04F79EFBC}") = "OOO Aromatny Mir", "OOO Aromatny Mir\OOO Aromatny Mir.csproj", "{E0DCCEEE-1AAD-42C2-BFBD-998EB0CD98C0}"
EndProject
Global
	GlobalSection(SolutionConfigurationPlatforms) = preSolution
		Debug|Any CPU = Debug|Any CPU
		Release|Any CPU = Release|Any CPU
	EndGlobalSection
	GlobalSection(ProjectConfigurationPlatforms) = postSolution
		{E0DCCEEE-1AAD-42C2-BFBD-998EB0CD98C0}.Debug|Any CPU.ActiveCfg = Debug|Any CPU
		{E0DCCEEE-1AAD-42C2-BFBD-998EB0CD98C0}.Debug|Any CPU.Build.0 = Debug|Any CPU
		{E0DCCEEE-1AAD-42C2-BFBD-998EB0CD98C0}.Release|Any CPU.ActiveCfg = Release|Any CPU
		{E0DCCEEE-1AAD-42C2-BFBD-998EB0CD98C0}.Release|Any CPU.Build.0 = Release|Any CPU
	EndGlobalSection
	GlobalSection(SolutionProperties) = preSolution
		HideSolutionNode = FALSE
	EndGlobalSection
	GlobalSection(ExtensibilityGlobals) = postSolution
		SolutionGuid = {19C76405-B3CD-4480-BB92-5B36742C30D0}
	EndGlobalSection
EndGlobal
